
Microsoft Visual Studio Solution File, Format Version 12.00
# Visual Studio Version 16
VisualStudioVersion = 16.0.31729.503
MinimumVisualStudioVersion = 10.0.40219.1
Project("{8BC9CEB8-8B4A-11D0-8D11-00A0C91BC942}") = "řady", "řady\řady.vcxproj", "{55B5F09D-061B-44D5-85CA-2123F599633D}"
EndProject
Global
	GlobalSection(SolutionConfigurationPlatforms) = preSolution
		Debug|x64 = Debug|x64
		Debug|x86 = Debug|x86
		Release|x64 = Release|x64
		Release|x86 = Release|x86
	EndGlobalSection
	GlobalSection(ProjectConfigurationPlatforms) = postSolution
		{55B5F09D-061B-44D5-85CA-2123F599633D}.Debug|x64.ActiveCfg = Debug|x64
		{55B5F09D-061B-44D5-85CA-2123F599633D}.Debug|x64.Build.0 = Debug|x64
		{55B5F09D-061B-44D5-85CA-2123F599633D}.Debug|x86.ActiveCfg = Debug|Win32
		{55B5F09D-061B-44D5-85CA-2123F599633D}.Debug|x86.Build.0 = Debug|Win32
		{55B5F09D-061B-44D5-85CA-2123F599633D}.Release|x64.ActiveCfg = Release|x64
		{55B5F09D-061B-44D5-85CA-2123F599633D}.Release|x64.Build.0 = Release|x64
		{55B5F09D-061B-44D5-85CA-2123F599633D}.Release|x86.ActiveCfg = Release|Win32
		{55B5F09D-061B-44D5-85CA-2123F599633D}.Release|x86.Build.0 = Release|Win32
	EndGlobalSection
	GlobalSection(SolutionProperties) = preSolution
		HideSolutionNode = FALSE
	EndGlobalSection
	GlobalSection(ExtensibilityGlobals) = postSolution
		SolutionGuid = {376AAB2C-6C07-4018-B3F5-3056692EECD1}
	EndGlobalSection
EndGlobal
